
Microsoft Visual Studio Solution File, Format Version 12.00
# Visual Studio 15
VisualStudioVersion = 15.0.28010.2026
MinimumVisualStudioVersion = 10.0.40219.1
Project("{2150E333-8FDC-42A3-9474-1A3956D46DE8}") = "Clean Code", "Clean Code", "{913943D7-5B3A-4DC5-9BED-C6F87C30439C}"
EndProject
Project("{2150E333-8FDC-42A3-9474-1A3956D46DE8}") = "Design Patterns", "Design Patterns", "{1E81122E-91A2-495C-B592-B04D9C64310E}"
EndProject
Project("{2150E333-8FDC-42A3-9474-1A3956D46DE8}") = "DI Advanced", "DI Advanced", "{6F159165-7647-4133-956C-89F0D52CF611}"
EndProject
Project("{2150E333-8FDC-42A3-9474-1A3956D46DE8}") = "OOP", "OOP", "{2DE0F6FC-8F2D-47EC-990C-E782589BAA3E}"
EndProject
Project("{2150E333-8FDC-42A3-9474-1A3956D46DE8}") = "SOLID", "SOLID", "{5C04173B-0BDA-4D72-A8F0-BF841246B3B9}"
EndProject
Project("{FAE04EC0-301F-11D3-BF4B-00C04F79EFBC}") = "Architecture.OOP", "Architecture.OOP\Architecture.OOP.csproj", "{971A9109-FC68-4669-A1D9-B6D7E9600F51}"
EndProject
Project("{FAE04EC0-301F-11D3-BF4B-00C04F79EFBC}") = "Architecture.SOLID", "Architecture.SOLID\Architecture.SOLID.csproj", "{24F6F643-BD56-474A-BB67-B13109CA37B7}"
EndProject
Global
	GlobalSection(SolutionConfigurationPlatforms) = preSolution
		Debug|Any CPU = Debug|Any CPU
		Release|Any CPU = Release|Any CPU
	EndGlobalSection
	GlobalSection(ProjectConfigurationPlatforms) = postSolution
		{971A9109-FC68-4669-A1D9-B6D7E9600F51}.Debug|Any CPU.ActiveCfg = Debug|Any CPU
		{971A9109-FC68-4669-A1D9-B6D7E9600F51}.Debug|Any CPU.Build.0 = Debug|Any CPU
		{971A9109-FC68-4669-A1D9-B6D7E9600F51}.Release|Any CPU.ActiveCfg = Release|Any CPU
		{971A9109-FC68-4669-A1D9-B6D7E9600F51}.Release|Any CPU.Build.0 = Release|Any CPU
		{24F6F643-BD56-474A-BB67-B13109CA37B7}.Debug|Any CPU.ActiveCfg = Debug|Any CPU
		{24F6F643-BD56-474A-BB67-B13109CA37B7}.Debug|Any CPU.Build.0 = Debug|Any CPU
		{24F6F643-BD56-474A-BB67-B13109CA37B7}.Release|Any CPU.ActiveCfg = Release|Any CPU
		{24F6F643-BD56-474A-BB67-B13109CA37B7}.Release|Any CPU.Build.0 = Release|Any CPU
	EndGlobalSection
	GlobalSection(SolutionProperties) = preSolution
		HideSolutionNode = FALSE
	EndGlobalSection
	GlobalSection(NestedProjects) = preSolution
		{971A9109-FC68-4669-A1D9-B6D7E9600F51} = {2DE0F6FC-8F2D-47EC-990C-E782589BAA3E}
		{24F6F643-BD56-474A-BB67-B13109CA37B7} = {5C04173B-0BDA-4D72-A8F0-BF841246B3B9}
	EndGlobalSection
	GlobalSection(ExtensibilityGlobals) = postSolution
		SolutionGuid = {72B3C178-6DEE-4551-A6B0-1042FE3FF913}
	EndGlobalSection
EndGlobal
